<?xml version="1.0" encoding="utf-8"?>
<Project ToolsVersion="4.0" xmlns="http://schemas.microsoft.com/developer/msbuild/2003">
  <ItemGroup>
    <Filter Include="Resource Files">
      <UniqueIdentifier>{67DA6AB6-F800-4c08-8B7A-83BB121AAD01}</UniqueIdentifier>
      <Extensions>rc;ico;cur;bmp;dlg;rc2;rct;bin;rgs;gif;jpg;jpeg;jpe;resx;tiff;tif;png;wav;mfcribbon-ms</Extensions>
    </Filter>
    <Filter Include="Resource Files\haarcascades">
      <UniqueIdentifier>{d9453dbb-c1fc-4da0-913d-ba3a1b308349}</UniqueIdentifier>
    </Filter>
    <Filter Include="Resource Files\doxygen">
      <UniqueIdentifier>{a09d7bdd-e4cf-472d-9654-f120e2ad4895}</UniqueIdentifier>
    </Filter>
    <Filter Include="Header Files">
      <UniqueIdentifier>{93995380-89BD-4b04-88EB-625FBE52EBFB}</UniqueIdentifier>
      <Extensions>h;hh;hpp;hxx;hm;inl;inc;xsd</Extensions>
    </Filter>
    <Filter Include="Header Files\Render">
      <UniqueIdentifier>{a310fa17-0b4e-4c46-b62c-4814e56a0b1b}</UniqueIdentifier>
    </Filter>
    <Filter Include="Source Files">
      <UniqueIdentifier>{4FC737F1-C7A5-4376-A066-2A32D752A2FF}</UniqueIdentifier>
      <Extensions>cpp;c;cc;cxx;def;odl;idl;hpj;bat;asm;asmx</Extensions>
    </Filter>
    <Filter Include="Source Files\Render">
      <UniqueIdentifier>{ec64ab71-4841-43e7-b46f-e6f33f66701a}</UniqueIdentifier>
    </Filter>
  </ItemGroup>
  <ItemGroup>
    <Xml Include="..\..\..\..\Documents\Visual Studio 2015\Opencv-3.2.0\build\etc\haarcascades\haarcascade_eye.xml">
      <Filter>Resource Files\haarcascades</Filter>
    </Xml>
    <Xml Include="..\..\..\..\Documents\Visual Studio 2015\Opencv-3.2.0\build\etc\haarcascades\haarcascade_eye_tree_eyeglasses.xml">
      <Filter>Resource Files\haarcascades</Filter>
    </Xml>
    <Xml Include="..\..\..\..\Documents\Visual Studio 2015\Opencv-3.2.0\build\etc\haarcascades\haarcascade_frontalcatface.xml">
      <Filter>Resource Files\haarcascades</Filter>
    </Xml>
    <Xml Include="..\..\..\..\Documents\Visual Studio 2015\Opencv-3.2.0\build\etc\haarcascades\haarcascade_frontalcatface_extended.xml">
      <Filter>Resource Files\haarcascades</Filter>
    </Xml>
    <Xml Include="..\..\..\..\Documents\Visual Studio 2015\Opencv-3.2.0\build\etc\haarcascades\haarcascade_frontalface_alt.xml">
      <Filter>Resource Files\haarcascades</Filter>
    </Xml>
    <Xml Include="..\..\..\..\Documents\Visual Studio 2015\Opencv-3.2.0\build\etc\haarcascades\haarcascade_frontalface_alt_tree.xml">
      <Filter>Resource Files\haarcascades</Filter>
    </Xml>
    <Xml Include="..\..\..\..\Documents\Visual Studio 2015\Opencv-3.2.0\build\etc\haarcascades\haarcascade_frontalface_alt2.xml">
      <Filter>Resource Files\haarcascades</Filter>
    </Xml>
    <Xml Include="..\..\..\..\Documents\Visual Studio 2015\Opencv-3.2.0\build\etc\haarcascades\haarcascade_frontalface_default.xml">
      <Filter>Resource Files\haarcascades</Filter>
    </Xml>
    <Xml Include="..\..\..\..\Documents\Visual Studio 2015\Opencv-3.2.0\build\etc\haarcascades\haarcascade_fullbody.xml">
      <Filter>Resource Files\haarcascades</Filter>
    </Xml>
    <Xml Include="..\..\..\..\Documents\Visual Studio 2015\Opencv-3.2.0\build\etc\haarcascades\haarcascade_lefteye_2splits.xml">
      <Filter>Resource Files\haarcascades</Filter>
    </Xml>
    <Xml Include="..\..\..\..\Documents\Visual Studio 2015\Opencv-3.2.0\build\etc\haarcascades\haarcascade_licence_plate_rus_16stages.xml">
      <Filter>Resource Files\haarcascades</Filter>
    </Xml>
    <Xml Include="..\..\..\..\Documents\Visual Studio 2015\Opencv-3.2.0\build\etc\haarcascades\haarcascade_lowerbody.xml">
      <Filter>Resource Files\haarcascades</Filter>
    </Xml>
    <Xml Include="..\..\..\..\Documents\Visual Studio 2015\Opencv-3.2.0\build\etc\haarcascades\haarcascade_profileface.xml">
      <Filter>Resource Files\haarcascades</Filter>
    </Xml>
    <Xml Include="..\..\..\..\Documents\Visual Studio 2015\Opencv-3.2.0\build\etc\haarcascades\haarcascade_righteye_2splits.xml">
      <Filter>Resource Files\haarcascades</Filter>
    </Xml>
    <Xml Include="..\..\..\..\Documents\Visual Studio 2015\Opencv-3.2.0\build\etc\haarcascades\haarcascade_russian_plate_number.xml">
      <Filter>Resource Files\haarcascades</Filter>
    </Xml>
    <Xml Include="..\..\..\..\Documents\Visual Studio 2015\Opencv-3.2.0\build\etc\haarcascades\haarcascade_smile.xml">
      <Filter>Resource Files\haarcascades</Filter>
    </Xml>
    <Xml Include="..\..\..\..\Documents\Visual Studio 2015\Opencv-3.2.0\build\etc\haarcascades\haarcascade_upperbody.xml">
      <Filter>Resource Files\haarcascades</Filter>
    </Xml>
  </ItemGroup>
  <ItemGroup>
    <None Include="doxygen\Doxyfile">
      <Filter>Resource Files\doxygen</Filter>
    </None>
  </ItemGroup>
  <ItemGroup>
    <ResourceCompile Include="gaze_data.rc">
      <Filter>Resource Files</Filter>
    </ResourceCompile>
  </ItemGroup>
  <ItemGroup>
    <Image Include="eye.ico">
      <Filter>Resource Files</Filter>
    </Image>
  </ItemGroup>
  <ItemGroup>
    <ClInclude Include="src\ArrowedLine.h">
      <Filter>Header Files</Filter>
    </ClInclude>
    <ClInclude Include="src\BaseBBox.h">
      <Filter>Header Files</Filter>
    </ClInclude>
    <ClInclude Include="src\BaseHighlighter.h">
      <Filter>Header Files</Filter>
    </ClInclude>
    <ClInclude Include="src\BBox.h">
      <Filter>Header Files</Filter>
    </ClInclude>
    <ClInclude Include="src\Config.h">
      <Filter>Header Files</Filter>
    </ClInclude>
    <ClInclude Include="src\GazeCapture.h">
      <Filter>Header Files</Filter>
    </ClInclude>
    <ClInclude Include="src\GazeData.h">
      <Filter>Header Files</Filter>
    </ClInclude>
    <ClInclude Include="src\Image.h">
      <Filter>Header Files</Filter>
    </ClInclude>
    <ClInclude Include="src\Landmark.h">
      <Filter>Header Files</Filter>
    </ClInclude>
    <ClInclude Include="src\LandmarkCandidate.h">
      <Filter>Header Files</Filter>
    </ClInclude>
    <ClInclude Include="src\Line.h">
      <Filter>Header Files</Filter>
    </ClInclude>
    <ClInclude Include="src\Point.h">
      <Filter>Header Files</Filter>
    </ClInclude>
    <ClInclude Include="src\Ray.h">
      <Filter>Header Files</Filter>
    </ClInclude>
    <ClInclude Include="src\Scenery.h">
      <Filter>Header Files</Filter>
    </ClInclude>
    <ClInclude Include="src\Render\Matrix.h">
      <Filter>Header Files\Render</Filter>
    </ClInclude>
    <ClInclude Include="src\Render\Render.h">
      <Filter>Header Files\Render</Filter>
    </ClInclude>
    <ClInclude Include="src\Render\RenderBox.h">
      <Filter>Header Files\Render</Filter>
    </ClInclude>
    <ClInclude Include="src\Render\RenderHelper.h">
      <Filter>Header Files\Render</Filter>
    </ClInclude>
    <ClInclude Include="src\Render\RenderLine.h">
      <Filter>Header Files\Render</Filter>
    </ClInclude>
    <ClInclude Include="src\Render\RenderObject.h">
      <Filter>Header Files\Render</Filter>
    </ClInclude>
    <ClInclude Include="src\Render\RenderPlane.h">
      <Filter>Header Files\Render</Filter>
    </ClInclude>
    <ClInclude Include="src\Render\RenderPoint.h">
      <Filter>Header Files\Render</Filter>
    </ClInclude>
    <ClInclude Include="src\Render\Vector.h">
      <Filter>Header Files\Render</Filter>
    </ClInclude>
    <ClInclude Include="src\Canon.h">
      <Filter>Header Files</Filter>
    </ClInclude>
    <ClInclude Include="src\Camera.h">
      <Filter>Header Files</Filter>
    </ClInclude>
  </ItemGroup>
  <ItemGroup>
    <ClCompile Include="src\Scenery.cpp">
      <Filter>Source Files</Filter>
    </ClCompile>
    <ClCompile Include="src\BaseBBox.cpp">
      <Filter>Source Files</Filter>
    </ClCompile>
    <ClCompile Include="src\BaseHighlighter.cpp">
      <Filter>Source Files</Filter>
    </ClCompile>
    <ClCompile Include="src\BBox.cpp">
      <Filter>Source Files</Filter>
    </ClCompile>
    <ClCompile Include="src\GazeCapture.cpp">
      <Filter>Source Files</Filter>
    </ClCompile>
    <ClCompile Include="src\GazeData.cpp">
      <Filter>Source Files</Filter>
    </ClCompile>
    <ClCompile Include="src\Image.cpp">
      <Filter>Source Files</Filter>
    </ClCompile>
    <ClCompile Include="src\Landmark.cpp">
      <Filter>Source Files</Filter>
    </ClCompile>
    <ClCompile Include="src\LandmarkCandidate.cpp">
      <Filter>Source Files</Filter>
    </ClCompile>
    <ClCompile Include="src\Line.cpp">
      <Filter>Source Files</Filter>
    </ClCompile>
    <ClCompile Include="src\main.cpp">
      <Filter>Source Files</Filter>
    </ClCompile>
    <ClCompile Include="src\Point.cpp">
      <Filter>Source Files</Filter>
    </ClCompile>
    <ClCompile Include="src\Ray.cpp">
      <Filter>Source Files</Filter>
    </ClCompile>
    <ClCompile Include="src\Render\RenderPlane.cpp">
      <Filter>Source Files\Render</Filter>
    </ClCompile>
    <ClCompile Include="src\Render\RenderBox.cpp">
      <Filter>Source Files\Render</Filter>
    </ClCompile>
    <ClCompile Include="src\Render\RenderHelper.cpp">
      <Filter>Source Files\Render</Filter>
    </ClCompile>
    <ClCompile Include="src\Render\RenderLine.cpp">
      <Filter>Source Files\Render</Filter>
    </ClCompile>
    <ClCompile Include="src\Render\RenderObject.cpp">
      <Filter>Source Files\Render</Filter>
    </ClCompile>
    <ClCompile Include="src\Canon.cpp">
      <Filter>Source Files</Filter>
    </ClCompile>
    <ClCompile Include="src\Camera.cpp">
      <Filter>Source Files</Filter>
    </ClCompile>
  </ItemGroup>
</Project>