<?xml version="1.0" encoding="utf-8"?>
<Project ToolsVersion="4.0" xmlns="http://schemas.microsoft.com/developer/msbuild/2003">
  <ItemGroup>
    <Filter Include="Header Files">
      <UniqueIdentifier>{e5680101-f29c-4565-9707-19fde252e47e}</UniqueIdentifier>
    </Filter>
    <Filter Include="Source Files">
      <UniqueIdentifier>{a18cbd5f-ecbe-4137-9bcf-746291ca95a7}</UniqueIdentifier>
    </Filter>
    <Filter Include="Header Files\Render">
      <UniqueIdentifier>{da336dd3-dc5c-46f7-a3e9-7a4d9e1f6003}</UniqueIdentifier>
    </Filter>
    <Filter Include="Source Files\Render">
      <UniqueIdentifier>{786c1525-e805-4713-acaa-5db0abda2d19}</UniqueIdentifier>
    </Filter>
    <Filter Include="Header Files\Camera">
      <UniqueIdentifier>{f536252c-890e-4ad1-aea4-49154ecb4000}</UniqueIdentifier>
    </Filter>
    <Filter Include="Source Files\Camera">
      <UniqueIdentifier>{252f1eeb-0e47-4717-8e89-9d82b7263b37}</UniqueIdentifier>
    </Filter>
    <Filter Include="Header Files\Frednet">
      <UniqueIdentifier>{f3bc3bc4-f1ef-4f2f-ab1e-deacbef4e0cb}</UniqueIdentifier>
    </Filter>
    <Filter Include="Source Files\Frednet">
      <UniqueIdentifier>{32f3eac3-006d-4c0b-9eab-d2c86f44dd67}</UniqueIdentifier>
    </Filter>
  </ItemGroup>
  <ItemGroup>
    <ClInclude Include="..\demo\Render\Matrix.h">
      <Filter>Header Files\Render</Filter>
    </ClInclude>
    <ClInclude Include="..\demo\Render\Ray.h">
      <Filter>Header Files\Render</Filter>
    </ClInclude>
    <ClInclude Include="..\demo\Render\Render.h">
      <Filter>Header Files\Render</Filter>
    </ClInclude>
    <ClInclude Include="..\demo\Render\RenderBox.h">
      <Filter>Header Files\Render</Filter>
    </ClInclude>
    <ClInclude Include="..\demo\Render\RenderLine.h">
      <Filter>Header Files\Render</Filter>
    </ClInclude>
    <ClInclude Include="..\demo\Render\RenderObject.h">
      <Filter>Header Files\Render</Filter>
    </ClInclude>
    <ClInclude Include="..\demo\Render\RenderPlane.h">
      <Filter>Header Files\Render</Filter>
    </ClInclude>
    <ClInclude Include="..\demo\Render\RenderPoint.h">
      <Filter>Header Files\Render</Filter>
    </ClInclude>
    <ClInclude Include="..\demo\Render\Transformation.h">
      <Filter>Header Files\Render</Filter>
    </ClInclude>
    <ClInclude Include="..\demo\Render\Vector.h">
      <Filter>Header Files\Render</Filter>
    </ClInclude>
    <ClInclude Include="..\demo\Compat.h">
      <Filter>Header Files</Filter>
    </ClInclude>
    <ClInclude Include="..\demo\Data.h">
      <Filter>Header Files</Filter>
    </ClInclude>
    <ClInclude Include="..\demo\GazeData.h">
      <Filter>Header Files</Filter>
    </ClInclude>
    <ClInclude Include="..\demo\Camera\Camera.h">
      <Filter>Header Files\Camera</Filter>
    </ClInclude>
    <ClInclude Include="..\demo\Camera\Webcam.h">
      <Filter>Header Files\Camera</Filter>
    </ClInclude>
    <ClInclude Include="..\demo\Display.h">
      <Filter>Header Files</Filter>
    </ClInclude>
    <ClInclude Include="..\demo\Scenery.h">
      <Filter>Header Files</Filter>
    </ClInclude>
    <ClInclude Include="..\demo\MessageLoop.h">
      <Filter>Header Files</Filter>
    </ClInclude>
    <ClInclude Include="..\demo\Queue.h">
      <Filter>Header Files</Filter>
    </ClInclude>
    <ClInclude Include="..\demo\Frednet\base_layer.h">
      <Filter>Header Files\Frednet</Filter>
    </ClInclude>
    <ClInclude Include="..\demo\Frednet\caffe_parameter_parser.hpp">
      <Filter>Header Files\Frednet</Filter>
    </ClInclude>
    <ClInclude Include="..\demo\Frednet\calc_shape.h">
      <Filter>Header Files\Frednet</Filter>
    </ClInclude>
    <ClInclude Include="..\demo\Frednet\concat_layer.h">
      <Filter>Header Files\Frednet</Filter>
    </ClInclude>
    <ClInclude Include="..\demo\Frednet\conv_layer.h">
      <Filter>Header Files\Frednet</Filter>
    </ClInclude>
    <ClInclude Include="..\demo\Frednet\dynamic_arrays.h">
      <Filter>Header Files\Frednet</Filter>
    </ClInclude>
    <ClInclude Include="..\demo\Frednet\fc_layer.h">
      <Filter>Header Files\Frednet</Filter>
    </ClInclude>
    <ClInclude Include="..\demo\Frednet\flatten_layer.h">
      <Filter>Header Files\Frednet</Filter>
    </ClInclude>
    <ClInclude Include="..\demo\Frednet\pooling_layer.h">
      <Filter>Header Files\Frednet</Filter>
    </ClInclude>
    <ClInclude Include="..\demo\Frednet\ReLu_layer.h">
      <Filter>Header Files\Frednet</Filter>
    </ClInclude>
    <ClInclude Include="..\demo\Detect_Caffe.h">
      <Filter>Header Files</Filter>
    </ClInclude>
    <ClInclude Include="..\demo\Detect.h">
      <Filter>Header Files</Filter>
    </ClInclude>
    <ClInclude Include="..\demo\Detect_Frednet.h">
      <Filter>Header Files</Filter>
    </ClInclude>
  </ItemGroup>
  <ItemGroup>
    <ClCompile Include="..\demo\Render\Ray.cpp">
      <Filter>Source Files\Render</Filter>
    </ClCompile>
    <ClCompile Include="..\demo\Render\RenderBox.cpp">
      <Filter>Source Files\Render</Filter>
    </ClCompile>
    <ClCompile Include="..\demo\Render\RenderLine.cpp">
      <Filter>Source Files\Render</Filter>
    </ClCompile>
    <ClCompile Include="..\demo\Render\RenderObject.cpp">
      <Filter>Source Files\Render</Filter>
    </ClCompile>
    <ClCompile Include="..\demo\Render\RenderPlane.cpp">
      <Filter>Source Files\Render</Filter>
    </ClCompile>
    <ClCompile Include="..\demo\Render\Transformation.cpp">
      <Filter>Source Files\Render</Filter>
    </ClCompile>
    <ClCompile Include="..\demo\Compat.cpp">
      <Filter>Source Files</Filter>
    </ClCompile>
    <ClCompile Include="..\demo\Data.cpp">
      <Filter>Source Files</Filter>
    </ClCompile>
    <ClCompile Include="..\demo\main.cpp">
      <Filter>Source Files</Filter>
    </ClCompile>
    <ClCompile Include="..\demo\GazeData.cpp">
      <Filter>Source Files</Filter>
    </ClCompile>
    <ClCompile Include="..\demo\Camera\Camera.cpp">
      <Filter>Source Files\Camera</Filter>
    </ClCompile>
    <ClCompile Include="..\demo\Camera\Webcam.cpp">
      <Filter>Source Files\Camera</Filter>
    </ClCompile>
    <ClCompile Include="..\demo\Display.cpp">
      <Filter>Source Files</Filter>
    </ClCompile>
    <ClCompile Include="..\demo\Scenery.cpp">
      <Filter>Source Files</Filter>
    </ClCompile>
    <ClCompile Include="..\demo\MessageLoop.cpp">
      <Filter>Source Files</Filter>
    </ClCompile>
    <ClCompile Include="..\demo\Queue.cpp">
      <Filter>Source Files</Filter>
    </ClCompile>
    <ClCompile Include="..\demo\Frednet\calc_shape.cpp">
      <Filter>Source Files\Frednet</Filter>
    </ClCompile>
    <ClCompile Include="..\demo\Detect_Caffe.cpp">
      <Filter>Source Files</Filter>
    </ClCompile>
    <ClCompile Include="..\demo\Detect_Frednet.cpp">
      <Filter>Source Files</Filter>
    </ClCompile>
  </ItemGroup>
</Project>